
Microsoft Visual Studio Solution File, Format Version 12.00
# Visual Studio Version 17
VisualStudioVersion = 17.3.32922.545
MinimumVisualStudioVersion = 10.0.40219.1
Project("{8BC9CEB8-8B4A-11D0-8D11-00A0C91BC942}") = "Huffman_Project_1", "Huffman_Project_1\Huffman_Project_1.vcxproj", "{7366F1D0-AEC7-4454-A13B-3A8A9B707C28}"
EndProject
Global
	GlobalSection(SolutionConfigurationPlatforms) = preSolution
		Debug|x64 = Debug|x64
		Debug|x86 = Debug|x86
		Release|x64 = Release|x64
		Release|x86 = Release|x86
	EndGlobalSection
	GlobalSection(ProjectConfigurationPlatforms) = postSolution
		{7366F1D0-AEC7-4454-A13B-3A8A9B707C28}.Debug|x64.ActiveCfg = Debug|x64
		{7366F1D0-AEC7-4454-A13B-3A8A9B707C28}.Debug|x64.Build.0 = Debug|x64
		{7366F1D0-AEC7-4454-A13B-3A8A9B707C28}.Debug|x86.ActiveCfg = Debug|Win32
		{7366F1D0-AEC7-4454-A13B-3A8A9B707C28}.Debug|x86.Build.0 = Debug|Win32
		{7366F1D0-AEC7-4454-A13B-3A8A9B707C28}.Release|x64.ActiveCfg = Release|x64
		{7366F1D0-AEC7-4454-A13B-3A8A9B707C28}.Release|x64.Build.0 = Release|x64
		{7366F1D0-AEC7-4454-A13B-3A8A9B707C28}.Release|x86.ActiveCfg = Release|Win32
		{7366F1D0-AEC7-4454-A13B-3A8A9B707C28}.Release|x86.Build.0 = Release|Win32
	EndGlobalSection
	GlobalSection(SolutionProperties) = preSolution
		HideSolutionNode = FALSE
	EndGlobalSection
	GlobalSection(ExtensibilityGlobals) = postSolution
		SolutionGuid = {8E444578-590F-4949-8C6E-5EC6CD54D550}
	EndGlobalSection
EndGlobal
